
Microsoft Visual Studio Solution File, Format Version 12.00
# Visual Studio Version 16
VisualStudioVersion = 25.0.1705.4
MinimumVisualStudioVersion = 10.0.40219.1
Project("{FAE04EC0-301F-11D3-BF4B-00C04F79EFBC}") = "MovieApp", "MovieApp.csproj", "{945AA2D1-675B-469F-BA5D-A0F8A8474AA2}"
EndProject
Global
	GlobalSection(SolutionConfigurationPlatforms) = preSolution
		Debug|Any CPU = Debug|Any CPU
		Release|Any CPU = Release|Any CPU
	EndGlobalSection
	GlobalSection(ProjectConfigurationPlatforms) = postSolution
		{945AA2D1-675B-469F-BA5D-A0F8A8474AA2}.Debug|Any CPU.ActiveCfg = Debug|Any CPU
		{945AA2D1-675B-469F-BA5D-A0F8A8474AA2}.Debug|Any CPU.Build.0 = Debug|Any CPU
		{945AA2D1-675B-469F-BA5D-A0F8A8474AA2}.Release|Any CPU.ActiveCfg = Release|Any CPU
		{945AA2D1-675B-469F-BA5D-A0F8A8474AA2}.Release|Any CPU.Build.0 = Release|Any CPU
	EndGlobalSection
	GlobalSection(SolutionProperties) = preSolution
		HideSolutionNode = FALSE
	EndGlobalSection
	GlobalSection(ExtensibilityGlobals) = postSolution
		SolutionGuid = {AA02DFF1-E328-4900-A9B5-40F497AB102A}
	EndGlobalSection
EndGlobal
